// !$*UTF8*$!
{
	archiveVersion = 1;
	classes = {
	};
	objectVersion = 46;
	objects = {

/* Begin PBXBuildFile section */
		1129610F1DEDF12B00B9454E /* AppDelegate.swift in Sources */ = {isa = PBXBuildFile; fileRef = 1129610E1DEDF12B00B9454E /* AppDelegate.swift */; };
		112961111DEDF12B00B9454E /* ViewController.swift in Sources */ = {isa = PBXBuildFile; fileRef = 112961101DEDF12B00B9454E /* ViewController.swift */; };
		112961141DEDF12B00B9454E /* Main.storyboard in Resources */ = {isa = PBXBuildFile; fileRef = 112961121DEDF12B00B9454E /* Main.storyboard */; };
		112961161DEDF12B00B9454E /* Assets.xcassets in Resources */ = {isa = PBXBuildFile; fileRef = 112961151DEDF12B00B9454E /* Assets.xcassets */; };
		112961191DEDF12B00B9454E /* LaunchScreen.storyboard in Resources */ = {isa = PBXBuildFile; fileRef = 112961171DEDF12B00B9454E /* LaunchScreen.storyboard */; };
		112961211DEDFCAA00B9454E /* Music.swift in Sources */ = {isa = PBXBuildFile; fileRef = 112961201DEDFCAA00B9454E /* Music.swift */; };
/* End PBXBuildFile section */

/* Begin PBXFileReference section */
		1129610B1DEDF12B00B9454E /* ListenClosely.app */ = {isa = PBXFileReference; explicitFileType = wrapper.application; includeInIndex = 0; path = ListenClosely.app; sourceTree = BUILT_PRODUCTS_DIR; };
		1129610E1DEDF12B00B9454E /* AppDelegate.swift */ = {isa = PBXFileReference; lastKnownFileType = sourcecode.swift; path = AppDelegate.swift; sourceTree = "<group>"; };
		112961101DEDF12B00B9454E /* ViewController.swift */ = {isa = PBXFileReference; lastKnownFileType = sourcecode.swift; path = ViewController.swift; sourceTree = "<group>"; };
		112961131DEDF12B00B9454E /* Base */ = {isa = PBXFileReference; lastKnownFileType = file.storyboard; name = Base; path = Base.lproj/Main.storyboard; sourceTree = "<group>"; };
		112961151DEDF12B00B9454E /* Assets.xcassets */ = {isa = PBXFileReference; lastKnownFileType = folder.assetcatalog; path = Assets.xcassets; sourceTree = "<group>"; };
		112961181DEDF12B00B9454E /* Base */ = {isa = PBXFileReference; lastKnownFileType = file.storyboard; name = Base; path = Base.lproj/LaunchScreen.storyboard; sourceTree = "<group>"; };
		1129611A1DEDF12B00B9454E /* Info.plist */ = {isa = PBXFileReference; lastKnownFileType = text.plist.xml; path = Info.plist; sourceTree = "<group>"; };
		112961201DEDFCAA00B9454E /* Music.swift */ = {isa = PBXFileReference; fileEncoding = 4; lastKnownFileType = sourcecode.swift; path = Music.swift; sourceTree = "<group>"; };
/* End PBXFileReference section */

/* Begin PBXFrameworksBuildPhase section */
		112961081DEDF12A00B9454E /* Frameworks */ = {
			isa = PBXFrameworksBuildPhase;
			buildActionMask = 2147483647;
			files = (
			);
			runOnlyForDeploymentPostprocessing = 0;
		};
/* End PBXFrameworksBuildPhase section */

/* Begin PBXGroup section */
		112961021DEDF12A00B9454E = {
			isa = PBXGroup;
			children = (
				1129610D1DEDF12B00B9454E /* ListenClosely */,
				1129610C1DEDF12B00B9454E /* Products */,
			);
			sourceTree = "<group>";
		};
		1129610C1DEDF12B00B9454E /* Products */ = {
			isa = PBXGroup;
			children = (
				1129610B1DEDF12B00B9454E /* ListenClosely.app */,
			);
			name = Products;
			sourceTree = "<group>";
		};
		1129610D1DEDF12B00B9454E /* ListenClosely */ = {
			isa = PBXGroup;
			children = (
				1129610E1DEDF12B00B9454E /* AppDelegate.swift */,
				112961101DEDF12B00B9454E /* ViewController.swift */,
				112961201DEDFCAA00B9454E /* Music.swift */,
				112961121DEDF12B00B9454E /* Main.storyboard */,
				112961151DEDF12B00B9454E /* Assets.xcassets */,
				112961171DEDF12B00B9454E /* LaunchScreen.storyboard */,
				1129611A1DEDF12B00B9454E /* Info.plist */,
			);
			path = ListenClosely;
			sourceTree = "<group>";
		};
/* End PBXGroup section */

/* Begin PBXNativeTarget section */
		1129610A1DEDF12A00B9454E /* ListenClosely */ = {
			isa = PBXNativeTarget;
			buildConfigurationList = 1129611D1DEDF12B00B9454E /* Build configuration list for PBXNativeTarget "ListenClosely" */;
			buildPhases = (
				112961071DEDF12A00B9454E /* Sources */,
				112961081DEDF12A00B9454E /* Frameworks */,
				112961091DEDF12A00B9454E /* Resources */,
			);
			buildRules = (
			);
			dependencies = (
			);
			name = ListenClosely;
			productName = ListenClosely;
			productReference = 1129610B1DEDF12B00B9454E /* ListenClosely.app */;
			productType = "com.apple.product-type.application";
		};
/* End PBXNativeTarget section */

/* Begin PBXProject section */
		112961031DEDF12A00B9454E /* Project object */ = {
			isa = PBXProject;
			attributes = {
				LastSwiftUpdateCheck = 0810;
				LastUpgradeCheck = 0810;
				ORGANIZATIONNAME = "Laticia Chance";
				TargetAttributes = {
					1129610A1DEDF12A00B9454E = {
						CreatedOnToolsVersion = 8.1;
						DevelopmentTeam = TDFXWLD7DJ;
						ProvisioningStyle = Automatic;
					};
				};
			};
			buildConfigurationList = 112961061DEDF12A00B9454E /* Build configuration list for PBXProject "ListenClosely" */;
			compatibilityVersion = "Xcode 3.2";
			developmentRegion = English;
			hasScannedForEncodings = 0;
			knownRegions = (
				en,
				Base,
			);
			mainGroup = 112961021DEDF12A00B9454E;
			productRefGroup = 1129610C1DEDF12B00B9454E /* Products */;
			projectDirPath = "";
			projectRoot = "";
			targets = (
				1129610A1DEDF12A00B9454E /* ListenClosely */,
			);
		};
/* End PBXProject section */

/* Begin PBXResourcesBuildPhase section */
		112961091DEDF12A00B9454E /* Resources */ = {
			isa = PBXResourcesBuildPhase;
			buildActionMask = 2147483647;
			files = (
				112961191DEDF12B00B9454E /* LaunchScreen.storyboard in Resources */,
				112961161DEDF12B00B9454E /* Assets.xcassets in Resources */,
				112961141DEDF12B00B9454E /* Main.storyboard in Resources */,
			);
			runOnlyForDeploymentPostprocessing = 0;
		};
/* End PBXResourcesBuildPhase section */

/* Begin PBXSourcesBuildPhase section */
		112961071DEDF12A00B9454E /* Sources */ = {
			isa = PBXSourcesBuildPhase;
			buildActionMask = 2147483647;
			files = (
				112961111DEDF12B00B9454E /* ViewController.swift in Sources */,
				1129610F1DEDF12B00B9454E /* AppDelegate.swift in Sources */,
				112961211DEDFCAA00B9454E /* Music.swift in Sources */,
			);
			runOnlyForDeploymentPostprocessing = 0;
		};
/* End PBXSourcesBuildPhase section */

/* Begin PBXVariantGroup section */
		112961121DEDF12B00B9454E /* Main.storyboard */ = {
			isa = PBXVariantGroup;
			children = (
				112961131DEDF12B00B9454E /* Base */,
			);
			name = Main.storyboard;
			sourceTree = "<group>";
		};
		112961171DEDF12B00B9454E /* LaunchScreen.storyboard */ = {
			isa = PBXVariantGroup;
			children = (
				112961181DEDF12B00B9454E /* Base */,
			);
			name = LaunchScreen.storyboard;
			sourceTree = "<group>";
		};
/* End PBXVariantGroup section */

/* Begin XCBuildConfiguration section */
		1129611B1DEDF12B00B9454E /* Debug */ = {
			isa = XCBuildConfiguration;
			buildSettings = {
				ALWAYS_SEARCH_USER_PATHS = NO;
				CLANG_ANALYZER_NONNULL = YES;
				CLANG_CXX_LANGUAGE_STANDARD = "gnu++0x";
				CLANG_CXX_LIBRARY = "libc++";
				CLANG_ENABLE_MODULES = YES;
				CLANG_ENABLE_OBJC_ARC = YES;
				CLANG_WARN_BOOL_CONVERSION = YES;
				CLANG_WARN_CONSTANT_CONVERSION = YES;
				CLANG_WARN_DIRECT_OBJC_ISA_USAGE = YES_ERROR;
				CLANG_WARN_DOCUMENTATION_COMMENTS = YES;
				CLANG_WARN_EMPTY_BODY = YES;
				CLANG_WARN_ENUM_CONVERSION = YES;
				CLANG_WARN_INFINITE_RECURSION = YES;
				CLANG_WARN_INT_CONVERSION = YES;
				CLANG_WARN_OBJC_ROOT_CLASS = YES_ERROR;
				CLANG_WARN_SUSPICIOUS_MOVES = YES;
				CLANG_WARN_UNREACHABLE_CODE = YES;
				CLANG_WARN__DUPLICATE_METHOD_MATCH = YES;
				"CODE_SIGN_IDENTITY[sdk=iphoneos*]" = "iPhone Developer";
				COPY_PHASE_STRIP = NO;
				DEBUG_INFORMATION_FORMAT = dwarf;
				ENABLE_STRICT_OBJC_MSGSEND = YES;
				ENABLE_TESTABILITY = YES;
				GCC_C_LANGUAGE_STANDARD = gnu99;
				GCC_DYNAMIC_NO_PIC = NO;
				GCC_NO_COMMON_BLOCKS = YES;
				GCC_OPTIMIZATION_LEVEL = 0;
				GCC_PREPROCESSOR_DEFINITIONS = (
					"DEBUG=1",
					"$(inherited)",
				);
				GCC_WARN_64_TO_32_BIT_CONVERSION = YES;
				GCC_WARN_ABOUT_RETURN_TYPE = YES_ERROR;
				GCC_WARN_UNDECLARED_SELECTOR = YES;
				GCC_WARN_UNINITIALIZED_AUTOS = YES_AGGRESSIVE;
				GCC_WARN_UNUSED_FUNCTION = YES;
				GCC_WARN_UNUSED_VARIABLE = YES;
				IPHONEOS_DEPLOYMENT_TARGET = 10.1;
				MTL_ENABLE_DEBUG_INFO = YES;
				ONLY_ACTIVE_ARCH = YES;
				SDKROOT = iphoneos;
				SWIFT_ACTIVE_COMPILATION_CONDITIONS = DEBUG;
				SWIFT_OPTIMIZATION_LEVEL = "-Onone";
				TARGETED_DEVICE_FAMILY = "1,2";
			};
			name = Debug;
		};
		1129611C1DEDF12B00B9454E /* Release */ = {
			isa = XCBuildConfiguration;
			buildSettings = {
				ALWAYS_SEARCH_USER_PATHS = NO;
				CLANG_ANALYZER_NONNULL = YES;
				CLANG_CXX_LANGUAGE_STANDARD = "gnu++0x";
				CLANG_CXX_LIBRARY = "libc++";
				CLANG_ENABLE_MODULES = YES;
				CLANG_ENABLE_OBJC_ARC = YES;
				CLANG_WARN_BOOL_CONVERSION = YES;
				CLANG_WARN_CONSTANT_CONVERSION = YES;
				CLANG_WARN_DIRECT_OBJC_ISA_USAGE = YES_ERROR;
				CLANG_WARN_DOCUMENTATION_COMMENTS = YES;
				CLANG_WARN_EMPTY_BODY = YES;
				CLANG_WARN_ENUM_CONVERSION = YES;
				CLANG_WARN_INFINITE_RECURSION = YES;
				CLANG_WARN_INT_CONVERSION = YES;
				CLANG_WARN_OBJC_ROOT_CLASS = YES_ERROR;
				CLANG_WARN_SUSPICIOUS_MOVES = YES;
				CLANG_WARN_UNREACHABLE_CODE = YES;
				CLANG_WARN__DUPLICATE_METHOD_MATCH = YES;
				"CODE_SIGN_IDENTITY[sdk=iphoneos*]" = "iPhone Developer";
				COPY_PHASE_STRIP = NO;
				DEBUG_INFORMATION_FORMAT = "dwarf-with-dsym";
				ENABLE_NS_ASSERTIONS = NO;
				ENABLE_STRICT_OBJC_MSGSEND = YES;
				GCC_C_LANGUAGE_STANDARD = gnu99;
				GCC_NO_COMMON_BLOCKS = YES;
				GCC_WARN_64_TO_32_BIT_CONVERSION = YES;
				GCC_WARN_ABOUT_RETURN_TYPE = YES_ERROR;
				GCC_WARN_UNDECLARED_SELECTOR = YES;
				GCC_WARN_UNINITIALIZED_AUTOS = YES_AGGRESSIVE;
				GCC_WARN_UNUSED_FUNCTION = YES;
				GCC_WARN_UNUSED_VARIABLE = YES;
				IPHONEOS_DEPLOYMENT_TARGET = 10.1;
				MTL_ENABLE_DEBUG_INFO = NO;
				SDKROOT = iphoneos;
				SWIFT_OPTIMIZATION_LEVEL = "-Owholemodule";
				TARGETED_DEVICE_FAMILY = "1,2";
				VALIDATE_PRODUCT = YES;
			};
			name = Release;
		};
		1129611E1DEDF12B00B9454E /* Debug */ = {
			isa = XCBuildConfiguration;
			buildSettings = {
				ASSETCATALOG_COMPILER_APPICON_NAME = AppIcon;
				DEVELOPMENT_TEAM = TDFXWLD7DJ;
				INFOPLIST_FILE = ListenClosely/Info.plist;
				LD_RUNPATH_SEARCH_PATHS = "$(inherited) @executable_path/Frameworks";
				PRODUCT_BUNDLE_IDENTIFIER = com.electricchance.ListenClosely;
				PRODUCT_NAME = "$(TARGET_NAME)";
				SWIFT_VERSION = 3.0;
			};
			name = Debug;
		};
		1129611F1DEDF12B00B9454E /* Release */ = {
			isa = XCBuildConfiguration;
			buildSettings = {
				ASSETCATALOG_COMPILER_APPICON_NAME = AppIcon;
				DEVELOPMENT_TEAM = TDFXWLD7DJ;
				INFOPLIST_FILE = ListenClosely/Info.plist;
				LD_RUNPATH_SEARCH_PATHS = "$(inherited) @executable_path/Frameworks";
				PRODUCT_BUNDLE_IDENTIFIER = com.electricchance.ListenClosely;
				PRODUCT_NAME = "$(TARGET_NAME)";
				SWIFT_VERSION = 3.0;
			};
			name = Release;
		};
/* End XCBuildConfiguration section */

/* Begin XCConfigurationList section */
		112961061DEDF12A00B9454E /* Build configuration list for PBXProject "ListenClosely" */ = {
			isa = XCConfigurationList;
			buildConfigurations = (
				1129611B1DEDF12B00B9454E /* Debug */,
				1129611C1DEDF12B00B9454E /* Release */,
			);
			defaultConfigurationIsVisible = 0;
			defaultConfigurationName = Release;
		};
		1129611D1DEDF12B00B9454E /* Build configuration list for PBXNativeTarget "ListenClosely" */ = {
			isa = XCConfigurationList;
			buildConfigurations = (
				1129611E1DEDF12B00B9454E /* Debug */,
				1129611F1DEDF12B00B9454E /* Release */,
			);
			defaultConfigurationIsVisible = 0;
		};
/* End XCConfigurationList section */
	};
	rootObject = 112961031DEDF12A00B9454E /* Project object */;
}
